// !$*UTF8*$!
{
	archiveVersion = 1;
	classes = {
	};
	objectVersion = 46;
	objects = {

/* Begin PBXBuildFile section */
		8A1C3C481B94277500E4B53B /* FriendRecommenderViewController.swift in Sources */ = {isa = PBXBuildFile; fileRef = 8A1C3C471B94277500E4B53B /* FriendRecommenderViewController.swift */; };
		8A1C3C4A1B94367300E4B53B /* FriendRecommenderCollectionCell.swift in Sources */ = {isa = PBXBuildFile; fileRef = 8A1C3C491B94367300E4B53B /* FriendRecommenderCollectionCell.swift */; };
		8A1C3C4C1B94388400E4B53B /* FriendModel.swift in Sources */ = {isa = PBXBuildFile; fileRef = 8A1C3C4B1B94388400E4B53B /* FriendModel.swift */; };
		8A1C3C4F1B944E3500E4B53B /* FriendHeaderButton.swift in Sources */ = {isa = PBXBuildFile; fileRef = 8A1C3C4E1B944E3500E4B53B /* FriendHeaderButton.swift */; };
		8A1C3C521B946A7900E4B53B /* AccessViewController.swift in Sources */ = {isa = PBXBuildFile; fileRef = 8A1C3C511B946A7900E4B53B /* AccessViewController.swift */; };
		8A1C3C561B9477E900E4B53B /* LoginViewController.swift in Sources */ = {isa = PBXBuildFile; fileRef = 8A1C3C551B9477E900E4B53B /* LoginViewController.swift */; };
		8A2149B11B7DB3D8002BADDA /* AppDelegate.swift in Sources */ = {isa = PBXBuildFile; fileRef = 8A2149B01B7DB3D8002BADDA /* AppDelegate.swift */; };
		8A2149B41B7DB3D8002BADDA /* FitnessBike.xcdatamodeld in Sources */ = {isa = PBXBuildFile; fileRef = 8A2149B21B7DB3D8002BADDA /* FitnessBike.xcdatamodeld */; };
		8A2149B61B7DB3D8002BADDA /* ViewController.swift in Sources */ = {isa = PBXBuildFile; fileRef = 8A2149B51B7DB3D8002BADDA /* ViewController.swift */; };
		8A2149B91B7DB3D8002BADDA /* Main.storyboard in Resources */ = {isa = PBXBuildFile; fileRef = 8A2149B71B7DB3D8002BADDA /* Main.storyboard */; };
		8A2149BB1B7DB3D8002BADDA /* Images.xcassets in Resources */ = {isa = PBXBuildFile; fileRef = 8A2149BA1B7DB3D8002BADDA /* Images.xcassets */; };
		8A2149BE1B7DB3D8002BADDA /* LaunchScreen.xib in Resources */ = {isa = PBXBuildFile; fileRef = 8A2149BC1B7DB3D8002BADDA /* LaunchScreen.xib */; };
		8A2149CA1B7DB3D9002BADDA /* FitnessBikeTests.swift in Sources */ = {isa = PBXBuildFile; fileRef = 8A2149C91B7DB3D9002BADDA /* FitnessBikeTests.swift */; };
		8A2149D81B7DC037002BADDA /* CtrlViewController.swift in Sources */ = {isa = PBXBuildFile; fileRef = 8A2149D71B7DC037002BADDA /* CtrlViewController.swift */; };
		8A2149DB1B7DCA2E002BADDA /* ImageUtil.swift in Sources */ = {isa = PBXBuildFile; fileRef = 8A2149DA1B7DCA2E002BADDA /* ImageUtil.swift */; };
		8A2149DD1B7DDF4D002BADDA /* RankingViewController.swift in Sources */ = {isa = PBXBuildFile; fileRef = 8A2149DC1B7DDF4D002BADDA /* RankingViewController.swift */; };
		8A2149DF1B7DE7A8002BADDA /* RankingModel.swift in Sources */ = {isa = PBXBuildFile; fileRef = 8A2149DE1B7DE7A8002BADDA /* RankingModel.swift */; };
		8A57C2771B8595FB0003E1C8 /* PNBar.swift in Sources */ = {isa = PBXBuildFile; fileRef = 8A57C2711B8595FA0003E1C8 /* PNBar.swift */; };
		8A57C2781B8595FB0003E1C8 /* PNBarChart.swift in Sources */ = {isa = PBXBuildFile; fileRef = 8A57C2721B8595FA0003E1C8 /* PNBarChart.swift */; };
		8A57C2791B8595FB0003E1C8 /* PNChartLabel.swift in Sources */ = {isa = PBXBuildFile; fileRef = 8A57C2741B8595FB0003E1C8 /* PNChartLabel.swift */; };
		8A57C27A1B8595FB0003E1C8 /* PNLineChart.swift in Sources */ = {isa = PBXBuildFile; fileRef = 8A57C2751B8595FB0003E1C8 /* PNLineChart.swift */; };
		8A57C27B1B8595FB0003E1C8 /* PNLineChartData.swift in Sources */ = {isa = PBXBuildFile; fileRef = 8A57C2761B8595FB0003E1C8 /* PNLineChartData.swift */; };
		8A57C27F1B85965B0003E1C8 /* PNChartConfig.swift in Sources */ = {isa = PBXBuildFile; fileRef = 8A57C27D1B85965B0003E1C8 /* PNChartConfig.swift */; };
		8A57C2801B85965B0003E1C8 /* PNValue.swift in Sources */ = {isa = PBXBuildFile; fileRef = 8A57C27E1B85965B0003E1C8 /* PNValue.swift */; };
		8A57C2831B8596C10003E1C8 /* PNChartDelegate.swift in Sources */ = {isa = PBXBuildFile; fileRef = 8A57C2811B8596C10003E1C8 /* PNChartDelegate.swift */; };
		8A57C2851B8596FE0003E1C8 /* PersonViewController.swift in Sources */ = {isa = PBXBuildFile; fileRef = 8A57C2841B8596FE0003E1C8 /* PersonViewController.swift */; };
		8A57C2A21B86DAE00003E1C8 /* RankingTableViewCell.swift in Sources */ = {isa = PBXBuildFile; fileRef = 8A57C2A11B86DAE00003E1C8 /* RankingTableViewCell.swift */; };
		8A86941A1B8F422500C2350E /* CompetitionViewController.swift in Sources */ = {isa = PBXBuildFile; fileRef = 8A8694191B8F422500C2350E /* CompetitionViewController.swift */; };
		8A993ACF1B9D3F6D003737C6 /* Alamofire.framework in Frameworks */ = {isa = PBXBuildFile; fileRef = 8A993AC81B9D3F53003737C6 /* Alamofire.framework */; };
		8A993AD01B9D3F6D003737C6 /* Alamofire.framework in Embed Frameworks */ = {isa = PBXBuildFile; fileRef = 8A993AC81B9D3F53003737C6 /* Alamofire.framework */; settings = {ATTRIBUTES = (CodeSignOnCopy, RemoveHeadersOnCopy, ); }; };
		8AC11CD71B957B91003E8D78 /* MessageModel.swift in Sources */ = {isa = PBXBuildFile; fileRef = 8AC11CD61B957B91003E8D78 /* MessageModel.swift */; };
		8AC11CD91B957C7D003E8D78 /* MessageListViewController.swift in Sources */ = {isa = PBXBuildFile; fileRef = 8AC11CD81B957C7D003E8D78 /* MessageListViewController.swift */; };
		8AC11CDB1B9585AC003E8D78 /* MessageTableViewCell.swift in Sources */ = {isa = PBXBuildFile; fileRef = 8AC11CDA1B9585AC003E8D78 /* MessageTableViewCell.swift */; };
		8AC11CDE1B959C38003E8D78 /* SearchViewController.swift in Sources */ = {isa = PBXBuildFile; fileRef = 8AC11CDD1B959C38003E8D78 /* SearchViewController.swift */; };
		8AC11CE01B959C57003E8D78 /* SearchTableViewCell.swift in Sources */ = {isa = PBXBuildFile; fileRef = 8AC11CDF1B959C57003E8D78 /* SearchTableViewCell.swift */; };
		8AC11CE21B959C67003E8D78 /* SearchModel.swift in Sources */ = {isa = PBXBuildFile; fileRef = 8AC11CE11B959C67003E8D78 /* SearchModel.swift */; };
		8AC11CE41B95B1D1003E8D78 /* RegisterViewController.swift in Sources */ = {isa = PBXBuildFile; fileRef = 8AC11CE31B95B1D1003E8D78 /* RegisterViewController.swift */; };
		8AC46A571B8334E10025D25A /* BleDevice.m in Sources */ = {isa = PBXBuildFile; fileRef = 8AC46A521B8334E10025D25A /* BleDevice.m */; };
		8AC46A581B8334E10025D25A /* MyBleService.m in Sources */ = {isa = PBXBuildFile; fileRef = 8AC46A561B8334E10025D25A /* MyBleService.m */; };
		8AD74DEB1B81B98C007DD04A /* ActivityViewController.swift in Sources */ = {isa = PBXBuildFile; fileRef = 8AD74DEA1B81B98C007DD04A /* ActivityViewController.swift */; };
		8AD74DED1B81B9E0007DD04A /* ActivityBriefTableViewCell.swift in Sources */ = {isa = PBXBuildFile; fileRef = 8AD74DEC1B81B9E0007DD04A /* ActivityBriefTableViewCell.swift */; };
		8AD74DEF1B81BBBA007DD04A /* ActivityBriefModel.swift in Sources */ = {isa = PBXBuildFile; fileRef = 8AD74DEE1B81BBBA007DD04A /* ActivityBriefModel.swift */; };
		8AE6A70F1B96DB9400561ADB /* MGSwipeButton.m in Sources */ = {isa = PBXBuildFile; fileRef = 8AE6A70C1B96DB9400561ADB /* MGSwipeButton.m */; };
		8AE6A7101B96DB9400561ADB /* MGSwipeTableCell.m in Sources */ = {isa = PBXBuildFile; fileRef = 8AE6A70E1B96DB9400561ADB /* MGSwipeTableCell.m */; };
		8AE6A7231B96E79A00561ADB /* ServiceApi.swift in Sources */ = {isa = PBXBuildFile; fileRef = 8AE6A7221B96E79A00561ADB /* ServiceApi.swift */; };
		8AE6A7251B96E7BE00561ADB /* Router.swift in Sources */ = {isa = PBXBuildFile; fileRef = 8AE6A7241B96E7BE00561ADB /* Router.swift */; };
		8AE6A7281B96EF7600561ADB /* SwiftyJSON.swift in Sources */ = {isa = PBXBuildFile; fileRef = 8AE6A7271B96EF7600561ADB /* SwiftyJSON.swift */; };
		8AE6A73B1B9C11D500561ADB /* TestData.m in Sources */ = {isa = PBXBuildFile; fileRef = 8AE6A73A1B9C11D500561ADB /* TestData.m */; };
/* End PBXBuildFile section */

/* Begin PBXContainerItemProxy section */
		8A2149C41B7DB3D9002BADDA /* PBXContainerItemProxy */ = {
			isa = PBXContainerItemProxy;
			containerPortal = 8A2149A31B7DB3D8002BADDA /* Project object */;
			proxyType = 1;
			remoteGlobalIDString = 8A2149AA1B7DB3D8002BADDA;
			remoteInfo = FitnessBike;
		};
		8A993AC71B9D3F53003737C6 /* PBXContainerItemProxy */ = {
			isa = PBXContainerItemProxy;
			containerPortal = 8A993AC01B9D3F53003737C6 /* Alamofire.xcodeproj */;
			proxyType = 2;
			remoteGlobalIDString = F8111E3319A95C8B0040E7D1;
			remoteInfo = "Alamofire iOS";
		};
		8A993AC91B9D3F53003737C6 /* PBXContainerItemProxy */ = {
			isa = PBXContainerItemProxy;
			containerPortal = 8A993AC01B9D3F53003737C6 /* Alamofire.xcodeproj */;
			proxyType = 2;
			remoteGlobalIDString = 4DD67C0B1A5C55C900ED2280;
			remoteInfo = "Alamofire OSX";
		};
		8A993ACB1B9D3F53003737C6 /* PBXContainerItemProxy */ = {
			isa = PBXContainerItemProxy;
			containerPortal = 8A993AC01B9D3F53003737C6 /* Alamofire.xcodeproj */;
			proxyType = 2;
			remoteGlobalIDString = F8111E3E19A95C8B0040E7D1;
			remoteInfo = "Alamofire iOS Tests";
		};
		8A993ACD1B9D3F53003737C6 /* PBXContainerItemProxy */ = {
			isa = PBXContainerItemProxy;
			containerPortal = 8A993AC01B9D3F53003737C6 /* Alamofire.xcodeproj */;
			proxyType = 2;
			remoteGlobalIDString = F829C6B21A7A94F100A2CD59;
			remoteInfo = "Alamofire OSX Tests";
		};
		8A993AD11B9D3F6D003737C6 /* PBXContainerItemProxy */ = {
			isa = PBXContainerItemProxy;
			containerPortal = 8A993AC01B9D3F53003737C6 /* Alamofire.xcodeproj */;
			proxyType = 1;
			remoteGlobalIDString = F8111E3219A95C8B0040E7D1;
			remoteInfo = "Alamofire iOS";
		};
/* End PBXContainerItemProxy section */

/* Begin PBXCopyFilesBuildPhase section */
		8A993AD31B9D3F6D003737C6 /* Embed Frameworks */ = {
			isa = PBXCopyFilesBuildPhase;
			buildActionMask = 2147483647;
			dstPath = "";
			dstSubfolderSpec = 10;
			files = (
				8A993AD01B9D3F6D003737C6 /* Alamofire.framework in Embed Frameworks */,
			);
			name = "Embed Frameworks";
			runOnlyForDeploymentPostprocessing = 0;
		};
/* End PBXCopyFilesBuildPhase section */

/* Begin PBXFileReference section */
		8A1C3C471B94277500E4B53B /* FriendRecommenderViewController.swift */ = {isa = PBXFileReference; fileEncoding = 4; lastKnownFileType = sourcecode.swift; path = FriendRecommenderViewController.swift; sourceTree = "<group>"; };
		8A1C3C491B94367300E4B53B /* FriendRecommenderCollectionCell.swift */ = {isa = PBXFileReference; fileEncoding = 4; lastKnownFileType = sourcecode.swift; path = FriendRecommenderCollectionCell.swift; sourceTree = "<group>"; };
		8A1C3C4B1B94388400E4B53B /* FriendModel.swift */ = {isa = PBXFileReference; fileEncoding = 4; lastKnownFileType = sourcecode.swift; path = FriendModel.swift; sourceTree = "<group>"; };
		8A1C3C4E1B944E3500E4B53B /* FriendHeaderButton.swift */ = {isa = PBXFileReference; fileEncoding = 4; lastKnownFileType = sourcecode.swift; path = FriendHeaderButton.swift; sourceTree = "<group>"; };
		8A1C3C511B946A7900E4B53B /* AccessViewController.swift */ = {isa = PBXFileReference; fileEncoding = 4; lastKnownFileType = sourcecode.swift; path = AccessViewController.swift; sourceTree = "<group>"; };
		8A1C3C551B9477E900E4B53B /* LoginViewController.swift */ = {isa = PBXFileReference; fileEncoding = 4; lastKnownFileType = sourcecode.swift; path = LoginViewController.swift; sourceTree = "<group>"; };
		8A2149AB1B7DB3D8002BADDA /* FitnessBike.app */ = {isa = PBXFileReference; explicitFileType = wrapper.application; includeInIndex = 0; path = FitnessBike.app; sourceTree = BUILT_PRODUCTS_DIR; };
		8A2149AF1B7DB3D8002BADDA /* Info.plist */ = {isa = PBXFileReference; lastKnownFileType = text.plist.xml; path = Info.plist; sourceTree = "<group>"; };
		8A2149B01B7DB3D8002BADDA /* AppDelegate.swift */ = {isa = PBXFileReference; lastKnownFileType = sourcecode.swift; path = AppDelegate.swift; sourceTree = "<group>"; };
		8A2149B31B7DB3D8002BADDA /* FitnessBike.xcdatamodel */ = {isa = PBXFileReference; lastKnownFileType = wrapper.xcdatamodel; path = FitnessBike.xcdatamodel; sourceTree = "<group>"; };
		8A2149B51B7DB3D8002BADDA /* ViewController.swift */ = {isa = PBXFileReference; lastKnownFileType = sourcecode.swift; path = ViewController.swift; sourceTree = "<group>"; };
		8A2149B81B7DB3D8002BADDA /* Base */ = {isa = PBXFileReference; lastKnownFileType = file.storyboard; name = Base; path = Base.lproj/Main.storyboard; sourceTree = "<group>"; };
		8A2149BA1B7DB3D8002BADDA /* Images.xcassets */ = {isa = PBXFileReference; lastKnownFileType = folder.assetcatalog; path = Images.xcassets; sourceTree = "<group>"; };
		8A2149BD1B7DB3D8002BADDA /* Base */ = {isa = PBXFileReference; lastKnownFileType = file.xib; name = Base; path = Base.lproj/LaunchScreen.xib; sourceTree = "<group>"; };
		8A2149C31B7DB3D9002BADDA /* FitnessBikeTests.xctest */ = {isa = PBXFileReference; explicitFileType = wrapper.cfbundle; includeInIndex = 0; path = FitnessBikeTests.xctest; sourceTree = BUILT_PRODUCTS_DIR; };
		8A2149C81B7DB3D9002BADDA /* Info.plist */ = {isa = PBXFileReference; lastKnownFileType = text.plist.xml; path = Info.plist; sourceTree = "<group>"; };
		8A2149C91B7DB3D9002BADDA /* FitnessBikeTests.swift */ = {isa = PBXFileReference; lastKnownFileType = sourcecode.swift; path = FitnessBikeTests.swift; sourceTree = "<group>"; };
		8A2149D71B7DC037002BADDA /* CtrlViewController.swift */ = {isa = PBXFileReference; fileEncoding = 4; lastKnownFileType = sourcecode.swift; path = CtrlViewController.swift; sourceTree = "<group>"; };
		8A2149DA1B7DCA2E002BADDA /* ImageUtil.swift */ = {isa = PBXFileReference; fileEncoding = 4; lastKnownFileType = sourcecode.swift; path = ImageUtil.swift; sourceTree = "<group>"; };
		8A2149DC1B7DDF4D002BADDA /* RankingViewController.swift */ = {isa = PBXFileReference; fileEncoding = 4; lastKnownFileType = sourcecode.swift; path = RankingViewController.swift; sourceTree = "<group>"; };
		8A2149DE1B7DE7A8002BADDA /* RankingModel.swift */ = {isa = PBXFileReference; fileEncoding = 4; lastKnownFileType = sourcecode.swift; path = RankingModel.swift; sourceTree = "<group>"; };
		8A57C2711B8595FA0003E1C8 /* PNBar.swift */ = {isa = PBXFileReference; fileEncoding = 4; lastKnownFileType = sourcecode.swift; path = PNBar.swift; sourceTree = "<group>"; };
		8A57C2721B8595FA0003E1C8 /* PNBarChart.swift */ = {isa = PBXFileReference; fileEncoding = 4; lastKnownFileType = sourcecode.swift; path = PNBarChart.swift; sourceTree = "<group>"; };
		8A57C2741B8595FB0003E1C8 /* PNChartLabel.swift */ = {isa = PBXFileReference; fileEncoding = 4; lastKnownFileType = sourcecode.swift; path = PNChartLabel.swift; sourceTree = "<group>"; };
		8A57C2751B8595FB0003E1C8 /* PNLineChart.swift */ = {isa = PBXFileReference; fileEncoding = 4; lastKnownFileType = sourcecode.swift; path = PNLineChart.swift; sourceTree = "<group>"; };
		8A57C2761B8595FB0003E1C8 /* PNLineChartData.swift */ = {isa = PBXFileReference; fileEncoding = 4; lastKnownFileType = sourcecode.swift; path = PNLineChartData.swift; sourceTree = "<group>"; };
		8A57C27D1B85965B0003E1C8 /* PNChartConfig.swift */ = {isa = PBXFileReference; fileEncoding = 4; lastKnownFileType = sourcecode.swift; path = PNChartConfig.swift; sourceTree = "<group>"; };
		8A57C27E1B85965B0003E1C8 /* PNValue.swift */ = {isa = PBXFileReference; fileEncoding = 4; lastKnownFileType = sourcecode.swift; path = PNValue.swift; sourceTree = "<group>"; };
		8A57C2811B8596C10003E1C8 /* PNChartDelegate.swift */ = {isa = PBXFileReference; fileEncoding = 4; lastKnownFileType = sourcecode.swift; path = PNChartDelegate.swift; sourceTree = "<group>"; };
		8A57C2821B8596C10003E1C8 /* PNChartSwift.h */ = {isa = PBXFileReference; fileEncoding = 4; lastKnownFileType = sourcecode.c.h; path = PNChartSwift.h; sourceTree = "<group>"; };
		8A57C2841B8596FE0003E1C8 /* PersonViewController.swift */ = {isa = PBXFileReference; fileEncoding = 4; lastKnownFileType = sourcecode.swift; path = PersonViewController.swift; sourceTree = "<group>"; };
		8A57C2A11B86DAE00003E1C8 /* RankingTableViewCell.swift */ = {isa = PBXFileReference; fileEncoding = 4; lastKnownFileType = sourcecode.swift; path = RankingTableViewCell.swift; sourceTree = "<group>"; };
		8A8694191B8F422500C2350E /* CompetitionViewController.swift */ = {isa = PBXFileReference; fileEncoding = 4; lastKnownFileType = sourcecode.swift; path = CompetitionViewController.swift; sourceTree = "<group>"; };
		8A993AC01B9D3F53003737C6 /* Alamofire.xcodeproj */ = {isa = PBXFileReference; lastKnownFileType = "wrapper.pb-project"; name = Alamofire.xcodeproj; path = "Alamofire-master-2/Alamofire.xcodeproj"; sourceTree = "<group>"; };
		8AC11CD61B957B91003E8D78 /* MessageModel.swift */ = {isa = PBXFileReference; fileEncoding = 4; lastKnownFileType = sourcecode.swift; path = MessageModel.swift; sourceTree = "<group>"; };
		8AC11CD81B957C7D003E8D78 /* MessageListViewController.swift */ = {isa = PBXFileReference; fileEncoding = 4; lastKnownFileType = sourcecode.swift; path = MessageListViewController.swift; sourceTree = "<group>"; };
		8AC11CDA1B9585AC003E8D78 /* MessageTableViewCell.swift */ = {isa = PBXFileReference; fileEncoding = 4; lastKnownFileType = sourcecode.swift; path = MessageTableViewCell.swift; sourceTree = "<group>"; };
		8AC11CDD1B959C38003E8D78 /* SearchViewController.swift */ = {isa = PBXFileReference; fileEncoding = 4; lastKnownFileType = sourcecode.swift; path = SearchViewController.swift; sourceTree = "<group>"; };
		8AC11CDF1B959C57003E8D78 /* SearchTableViewCell.swift */ = {isa = PBXFileReference; fileEncoding = 4; lastKnownFileType = sourcecode.swift; path = SearchTableViewCell.swift; sourceTree = "<group>"; };
		8AC11CE11B959C67003E8D78 /* SearchModel.swift */ = {isa = PBXFileReference; fileEncoding = 4; lastKnownFileType = sourcecode.swift; path = SearchModel.swift; sourceTree = "<group>"; };
		8AC11CE31B95B1D1003E8D78 /* RegisterViewController.swift */ = {isa = PBXFileReference; fileEncoding = 4; lastKnownFileType = sourcecode.swift; path = RegisterViewController.swift; sourceTree = "<group>"; };
		8AC46A511B8334E10025D25A /* BleDevice.h */ = {isa = PBXFileReference; fileEncoding = 4; lastKnownFileType = sourcecode.c.h; path = BleDevice.h; sourceTree = "<group>"; };
		8AC46A521B8334E10025D25A /* BleDevice.m */ = {isa = PBXFileReference; fileEncoding = 4; lastKnownFileType = sourcecode.c.objc; path = BleDevice.m; sourceTree = "<group>"; };
		8AC46A531B8334E10025D25A /* Const.h */ = {isa = PBXFileReference; fileEncoding = 4; lastKnownFileType = sourcecode.c.h; path = Const.h; sourceTree = "<group>"; };
		8AC46A541B8334E10025D25A /* MC10_GATT_DEFINE.H */ = {isa = PBXFileReference; fileEncoding = 4; lastKnownFileType = sourcecode.cpp.h; path = MC10_GATT_DEFINE.H; sourceTree = "<group>"; };
		8AC46A551B8334E10025D25A /* MyBleService.h */ = {isa = PBXFileReference; fileEncoding = 4; lastKnownFileType = sourcecode.c.h; path = MyBleService.h; sourceTree = "<group>"; };
		8AC46A561B8334E10025D25A /* MyBleService.m */ = {isa = PBXFileReference; fileEncoding = 4; lastKnownFileType = sourcecode.c.objc; path = MyBleService.m; sourceTree = "<group>"; };
		8AD74DEA1B81B98C007DD04A /* ActivityViewController.swift */ = {isa = PBXFileReference; fileEncoding = 4; lastKnownFileType = sourcecode.swift; path = ActivityViewController.swift; sourceTree = "<group>"; };
		8AD74DEC1B81B9E0007DD04A /* ActivityBriefTableViewCell.swift */ = {isa = PBXFileReference; fileEncoding = 4; lastKnownFileType = sourcecode.swift; path = ActivityBriefTableViewCell.swift; sourceTree = "<group>"; };
		8AD74DEE1B81BBBA007DD04A /* ActivityBriefModel.swift */ = {isa = PBXFileReference; fileEncoding = 4; lastKnownFileType = sourcecode.swift; path = ActivityBriefModel.swift; sourceTree = "<group>"; };
		8AE6A70B1B96DB9400561ADB /* MGSwipeButton.h */ = {isa = PBXFileReference; fileEncoding = 4; lastKnownFileType = sourcecode.c.h; path = MGSwipeButton.h; sourceTree = "<group>"; };
		8AE6A70C1B96DB9400561ADB /* MGSwipeButton.m */ = {isa = PBXFileReference; fileEncoding = 4; lastKnownFileType = sourcecode.c.objc; path = MGSwipeButton.m; sourceTree = "<group>"; };
		8AE6A70D1B96DB9400561ADB /* MGSwipeTableCell.h */ = {isa = PBXFileReference; fileEncoding = 4; lastKnownFileType = sourcecode.c.h; path = MGSwipeTableCell.h; sourceTree = "<group>"; };
		8AE6A70E1B96DB9400561ADB /* MGSwipeTableCell.m */ = {isa = PBXFileReference; fileEncoding = 4; lastKnownFileType = sourcecode.c.objc; path = MGSwipeTableCell.m; sourceTree = "<group>"; };
		8AE6A7221B96E79A00561ADB /* ServiceApi.swift */ = {isa = PBXFileReference; fileEncoding = 4; lastKnownFileType = sourcecode.swift; path = ServiceApi.swift; sourceTree = "<group>"; };
		8AE6A7241B96E7BE00561ADB /* Router.swift */ = {isa = PBXFileReference; fileEncoding = 4; lastKnownFileType = sourcecode.swift; path = Router.swift; sourceTree = "<group>"; };
		8AE6A7261B96EF7600561ADB /* SwiftyJSON.h */ = {isa = PBXFileReference; fileEncoding = 4; lastKnownFileType = sourcecode.c.h; path = SwiftyJSON.h; sourceTree = "<group>"; };
		8AE6A7271B96EF7600561ADB /* SwiftyJSON.swift */ = {isa = PBXFileReference; fileEncoding = 4; lastKnownFileType = sourcecode.swift; path = SwiftyJSON.swift; sourceTree = "<group>"; };
		8AE6A7351B9BF42A00561ADB /* SwiftWithOC-Bridging-Header.h */ = {isa = PBXFileReference; fileEncoding = 4; lastKnownFileType = sourcecode.c.h; path = "SwiftWithOC-Bridging-Header.h"; sourceTree = "<group>"; };
		8AE6A7391B9C11D500561ADB /* TestData.h */ = {isa = PBXFileReference; fileEncoding = 4; lastKnownFileType = sourcecode.c.h; path = TestData.h; sourceTree = "<group>"; };
		8AE6A73A1B9C11D500561ADB /* TestData.m */ = {isa = PBXFileReference; fileEncoding = 4; lastKnownFileType = sourcecode.c.objc; path = TestData.m; sourceTree = "<group>"; };
/* End PBXFileReference section */

/* Begin PBXFrameworksBuildPhase section */
		8A2149A81B7DB3D8002BADDA /* Frameworks */ = {
			isa = PBXFrameworksBuildPhase;
			buildActionMask = 2147483647;
			files = (
				8A993ACF1B9D3F6D003737C6 /* Alamofire.framework in Frameworks */,
			);
			runOnlyForDeploymentPostprocessing = 0;
		};
		8A2149C01B7DB3D9002BADDA /* Frameworks */ = {
			isa = PBXFrameworksBuildPhase;
			buildActionMask = 2147483647;
			files = (
			);
			runOnlyForDeploymentPostprocessing = 0;
		};
/* End PBXFrameworksBuildPhase section */

/* Begin PBXGroup section */
		8A1C3C461B9426EA00E4B53B /* Friends */ = {
			isa = PBXGroup;
			children = (
				8A1C3C471B94277500E4B53B /* FriendRecommenderViewController.swift */,
				8A1C3C491B94367300E4B53B /* FriendRecommenderCollectionCell.swift */,
				8A1C3C4B1B94388400E4B53B /* FriendModel.swift */,
				8A1C3C4E1B944E3500E4B53B /* FriendHeaderButton.swift */,
			);
			path = Friends;
			sourceTree = "<group>";
		};
		8A1C3C501B946A4700E4B53B /* Account */ = {
			isa = PBXGroup;
			children = (
				8A1C3C511B946A7900E4B53B /* AccessViewController.swift */,
				8A1C3C551B9477E900E4B53B /* LoginViewController.swift */,
				8AC11CE31B95B1D1003E8D78 /* RegisterViewController.swift */,
			);
			path = Account;
			sourceTree = "<group>";
		};
		8A2149A21B7DB3D8002BADDA = {
			isa = PBXGroup;
			children = (
				8A993AC01B9D3F53003737C6 /* Alamofire.xcodeproj */,
				8A2149AD1B7DB3D8002BADDA /* FitnessBike */,
				8A2149C61B7DB3D9002BADDA /* FitnessBikeTests */,
				8A2149AC1B7DB3D8002BADDA /* Products */,
			);
			sourceTree = "<group>";
		};
		8A2149AC1B7DB3D8002BADDA /* Products */ = {
			isa = PBXGroup;
			children = (
				8A2149AB1B7DB3D8002BADDA /* FitnessBike.app */,
				8A2149C31B7DB3D9002BADDA /* FitnessBikeTests.xctest */,
			);
			name = Products;
			sourceTree = "<group>";
		};
		8A2149AD1B7DB3D8002BADDA /* FitnessBike */ = {
			isa = PBXGroup;
			children = (
				8AE6A7341B9BF41B00561ADB /* App */,
				8AE6A7211B96E77400561ADB /* Service */,
				8AE6A70A1B96DB6400561ADB /* MGSwipeTableCell */,
				8AC11CDC1B959C07003E8D78 /* Search */,
				8AC11CD51B957B6D003E8D78 /* Message */,
				8A1C3C501B946A4700E4B53B /* Account */,
				8A1C3C461B9426EA00E4B53B /* Friends */,
				8A57C27C1B85963B0003E1C8 /* PNChartConfig */,
				8A57C2701B8595FA0003E1C8 /* PNBarChart */,
				8A57C2731B8595FA0003E1C8 /* PNLineChart */,
				8AC46A501B8334E10025D25A /* BLE */,
				8A2149D91B7DCA14002BADDA /* Utils */,
				8A2149D61B7DC00D002BADDA /* Activity */,
				8A2149D51B7DC000002BADDA /* Ranking */,
				8A2149D41B7DBFF0002BADDA /* Person */,
				8A2149D31B7DBFDD002BADDA /* Ctrler */,
				8A2149B01B7DB3D8002BADDA /* AppDelegate.swift */,
				8A2149B51B7DB3D8002BADDA /* ViewController.swift */,
				8A2149B71B7DB3D8002BADDA /* Main.storyboard */,
				8A2149BA1B7DB3D8002BADDA /* Images.xcassets */,
				8A2149BC1B7DB3D8002BADDA /* LaunchScreen.xib */,
				8A2149B21B7DB3D8002BADDA /* FitnessBike.xcdatamodeld */,
				8A2149AE1B7DB3D8002BADDA /* Supporting Files */,
			);
			path = FitnessBike;
			sourceTree = "<group>";
		};
		8A2149AE1B7DB3D8002BADDA /* Supporting Files */ = {
			isa = PBXGroup;
			children = (
				8A2149AF1B7DB3D8002BADDA /* Info.plist */,
			);
			name = "Supporting Files";
			sourceTree = "<group>";
		};
		8A2149C61B7DB3D9002BADDA /* FitnessBikeTests */ = {
			isa = PBXGroup;
			children = (
				8A2149C91B7DB3D9002BADDA /* FitnessBikeTests.swift */,
				8A2149C71B7DB3D9002BADDA /* Supporting Files */,
			);
			path = FitnessBikeTests;
			sourceTree = "<group>";
		};
		8A2149C71B7DB3D9002BADDA /* Supporting Files */ = {
			isa = PBXGroup;
			children = (
				8A2149C81B7DB3D9002BADDA /* Info.plist */,
			);
			name = "Supporting Files";
			sourceTree = "<group>";
		};
		8A2149D31B7DBFDD002BADDA /* Ctrler */ = {
			isa = PBXGroup;
			children = (
				8A2149D71B7DC037002BADDA /* CtrlViewController.swift */,
			);
			path = Ctrler;
			sourceTree = "<group>";
		};
		8A2149D41B7DBFF0002BADDA /* Person */ = {
			isa = PBXGroup;
			children = (
				8A57C2841B8596FE0003E1C8 /* PersonViewController.swift */,
			);
			path = Person;
			sourceTree = "<group>";
		};
		8A2149D51B7DC000002BADDA /* Ranking */ = {
			isa = PBXGroup;
			children = (
				8AE6A7391B9C11D500561ADB /* TestData.h */,
				8AE6A73A1B9C11D500561ADB /* TestData.m */,
				8A2149DC1B7DDF4D002BADDA /* RankingViewController.swift */,
				8A2149DE1B7DE7A8002BADDA /* RankingModel.swift */,
				8A57C2A11B86DAE00003E1C8 /* RankingTableViewCell.swift */,
				8A8694191B8F422500C2350E /* CompetitionViewController.swift */,
			);
			path = Ranking;
			sourceTree = "<group>";
		};
		8A2149D61B7DC00D002BADDA /* Activity */ = {
			isa = PBXGroup;
			children = (
				8AD74DEA1B81B98C007DD04A /* ActivityViewController.swift */,
				8AD74DEC1B81B9E0007DD04A /* ActivityBriefTableViewCell.swift */,
				8AD74DEE1B81BBBA007DD04A /* ActivityBriefModel.swift */,
			);
			path = Activity;
			sourceTree = "<group>";
		};
		8A2149D91B7DCA14002BADDA /* Utils */ = {
			isa = PBXGroup;
			children = (
				8AE6A7261B96EF7600561ADB /* SwiftyJSON.h */,
				8AE6A7271B96EF7600561ADB /* SwiftyJSON.swift */,
				8A2149DA1B7DCA2E002BADDA /* ImageUtil.swift */,
			);
			path = Utils;
			sourceTree = "<group>";
		};
		8A57C2701B8595FA0003E1C8 /* PNBarChart */ = {
			isa = PBXGroup;
			children = (
				8A57C2711B8595FA0003E1C8 /* PNBar.swift */,
				8A57C2721B8595FA0003E1C8 /* PNBarChart.swift */,
			);
			path = PNBarChart;
			sourceTree = "<group>";
		};
		8A57C2731B8595FA0003E1C8 /* PNLineChart */ = {
			isa = PBXGroup;
			children = (
				8A57C2741B8595FB0003E1C8 /* PNChartLabel.swift */,
				8A57C2751B8595FB0003E1C8 /* PNLineChart.swift */,
				8A57C2761B8595FB0003E1C8 /* PNLineChartData.swift */,
			);
			path = PNLineChart;
			sourceTree = "<group>";
		};
		8A57C27C1B85963B0003E1C8 /* PNChartConfig */ = {
			isa = PBXGroup;
			children = (
				8A57C2811B8596C10003E1C8 /* PNChartDelegate.swift */,
				8A57C2821B8596C10003E1C8 /* PNChartSwift.h */,
				8A57C27D1B85965B0003E1C8 /* PNChartConfig.swift */,
				8A57C27E1B85965B0003E1C8 /* PNValue.swift */,
			);
			path = PNChartConfig;
			sourceTree = "<group>";
		};
		8A993AC11B9D3F53003737C6 /* Products */ = {
			isa = PBXGroup;
			children = (
				8A993AC81B9D3F53003737C6 /* Alamofire.framework */,
				8A993ACA1B9D3F53003737C6 /* Alamofire.framework */,
				8A993ACC1B9D3F53003737C6 /* Alamofire iOS Tests.xctest */,
				8A993ACE1B9D3F53003737C6 /* Alamofire OSX Tests.xctest */,
			);
			name = Products;
			sourceTree = "<group>";
		};
		8AC11CD51B957B6D003E8D78 /* Message */ = {
			isa = PBXGroup;
			children = (
				8AC11CD61B957B91003E8D78 /* MessageModel.swift */,
				8AC11CD81B957C7D003E8D78 /* MessageListViewController.swift */,
				8AC11CDA1B9585AC003E8D78 /* MessageTableViewCell.swift */,
			);
			path = Message;
			sourceTree = "<group>";
		};
		8AC11CDC1B959C07003E8D78 /* Search */ = {
			isa = PBXGroup;
			children = (
				8AC11CDD1B959C38003E8D78 /* SearchViewController.swift */,
				8AC11CDF1B959C57003E8D78 /* SearchTableViewCell.swift */,
				8AC11CE11B959C67003E8D78 /* SearchModel.swift */,
			);
			path = Search;
			sourceTree = "<group>";
		};
		8AC46A501B8334E10025D25A /* BLE */ = {
			isa = PBXGroup;
			children = (
				8AC46A511B8334E10025D25A /* BleDevice.h */,
				8AC46A521B8334E10025D25A /* BleDevice.m */,
				8AC46A531B8334E10025D25A /* Const.h */,
				8AC46A541B8334E10025D25A /* MC10_GATT_DEFINE.H */,
				8AC46A551B8334E10025D25A /* MyBleService.h */,
				8AC46A561B8334E10025D25A /* MyBleService.m */,
			);
			path = BLE;
			sourceTree = "<group>";
		};
		8AE6A70A1B96DB6400561ADB /* MGSwipeTableCell */ = {
			isa = PBXGroup;
			children = (
				8AE6A70B1B96DB9400561ADB /* MGSwipeButton.h */,
				8AE6A70C1B96DB9400561ADB /* MGSwipeButton.m */,
				8AE6A70D1B96DB9400561ADB /* MGSwipeTableCell.h */,
				8AE6A70E1B96DB9400561ADB /* MGSwipeTableCell.m */,
			);
			path = MGSwipeTableCell;
			sourceTree = "<group>";
		};
		8AE6A7211B96E77400561ADB /* Service */ = {
			isa = PBXGroup;
			children = (
				8AE6A7221B96E79A00561ADB /* ServiceApi.swift */,
				8AE6A7241B96E7BE00561ADB /* Router.swift */,
			);
			path = Service;
			sourceTree = "<group>";
		};
		8AE6A7341B9BF41B00561ADB /* App */ = {
			isa = PBXGroup;
			children = (
				8AE6A7351B9BF42A00561ADB /* SwiftWithOC-Bridging-Header.h */,
			);
			path = App;
			sourceTree = "<group>";
		};
/* End PBXGroup section */

/* Begin PBXNativeTarget section */
		8A2149AA1B7DB3D8002BADDA /* FitnessBike */ = {
			isa = PBXNativeTarget;
			buildConfigurationList = 8A2149CD1B7DB3D9002BADDA /* Build configuration list for PBXNativeTarget "FitnessBike" */;
			buildPhases = (
				8A2149A71B7DB3D8002BADDA /* Sources */,
				8A2149A81B7DB3D8002BADDA /* Frameworks */,
				8A2149A91B7DB3D8002BADDA /* Resources */,
				8A993AD31B9D3F6D003737C6 /* Embed Frameworks */,
			);
			buildRules = (
			);
			dependencies = (
				8A993AD21B9D3F6D003737C6 /* PBXTargetDependency */,
			);
			name = FitnessBike;
			productName = FitnessBike;
			productReference = 8A2149AB1B7DB3D8002BADDA /* FitnessBike.app */;
			productType = "com.apple.product-type.application";
		};
		8A2149C21B7DB3D9002BADDA /* FitnessBikeTests */ = {
			isa = PBXNativeTarget;
			buildConfigurationList = 8A2149D01B7DB3D9002BADDA /* Build configuration list for PBXNativeTarget "FitnessBikeTests" */;
			buildPhases = (
				8A2149BF1B7DB3D9002BADDA /* Sources */,
				8A2149C01B7DB3D9002BADDA /* Frameworks */,
				8A2149C11B7DB3D9002BADDA /* Resources */,
			);
			buildRules = (
			);
			dependencies = (
				8A2149C51B7DB3D9002BADDA /* PBXTargetDependency */,
			);
			name = FitnessBikeTests;
			productName = FitnessBikeTests;
			productReference = 8A2149C31B7DB3D9002BADDA /* FitnessBikeTests.xctest */;
			productType = "com.apple.product-type.bundle.unit-test";
		};
/* End PBXNativeTarget section */

/* Begin PBXProject section */
		8A2149A31B7DB3D8002BADDA /* Project object */ = {
			isa = PBXProject;
			attributes = {
				LastUpgradeCheck = 0640;
				ORGANIZATIONNAME = "钟其鸿";
				TargetAttributes = {
					8A2149AA1B7DB3D8002BADDA = {
						CreatedOnToolsVersion = 6.4;
						DevelopmentTeam = 7V84BGCR9B;
					};
					8A2149C21B7DB3D9002BADDA = {
						CreatedOnToolsVersion = 6.4;
						DevelopmentTeam = 7V84BGCR9B;
						TestTargetID = 8A2149AA1B7DB3D8002BADDA;
					};
				};
			};
			buildConfigurationList = 8A2149A61B7DB3D8002BADDA /* Build configuration list for PBXProject "FitnessBike" */;
			compatibilityVersion = "Xcode 3.2";
			developmentRegion = English;
			hasScannedForEncodings = 0;
			knownRegions = (
				en,
				Base,
			);
			mainGroup = 8A2149A21B7DB3D8002BADDA;
			productRefGroup = 8A2149AC1B7DB3D8002BADDA /* Products */;
			projectDirPath = "";
			projectReferences = (
				{
					ProductGroup = 8A993AC11B9D3F53003737C6 /* Products */;
					ProjectRef = 8A993AC01B9D3F53003737C6 /* Alamofire.xcodeproj */;
				},
			);
			projectRoot = "";
			targets = (
				8A2149AA1B7DB3D8002BADDA /* FitnessBike */,
				8A2149C21B7DB3D9002BADDA /* FitnessBikeTests */,
			);
		};
/* End PBXProject section */

/* Begin PBXReferenceProxy section */
		8A993AC81B9D3F53003737C6 /* Alamofire.framework */ = {
			isa = PBXReferenceProxy;
			fileType = wrapper.framework;
			path = Alamofire.framework;
			remoteRef = 8A993AC71B9D3F53003737C6 /* PBXContainerItemProxy */;
			sourceTree = BUILT_PRODUCTS_DIR;
		};
		8A993ACA1B9D3F53003737C6 /* Alamofire.framework */ = {
			isa = PBXReferenceProxy;
			fileType = wrapper.framework;
			path = Alamofire.framework;
			remoteRef = 8A993AC91B9D3F53003737C6 /* PBXContainerItemProxy */;
			sourceTree = BUILT_PRODUCTS_DIR;
		};
		8A993ACC1B9D3F53003737C6 /* Alamofire iOS Tests.xctest */ = {
			isa = PBXReferenceProxy;
			fileType = wrapper.cfbundle;
			path = "Alamofire iOS Tests.xctest";
			remoteRef = 8A993ACB1B9D3F53003737C6 /* PBXContainerItemProxy */;
			sourceTree = BUILT_PRODUCTS_DIR;
		};
		8A993ACE1B9D3F53003737C6 /* Alamofire OSX Tests.xctest */ = {
			isa = PBXReferenceProxy;
			fileType = wrapper.cfbundle;
			path = "Alamofire OSX Tests.xctest";
			remoteRef = 8A993ACD1B9D3F53003737C6 /* PBXContainerItemProxy */;
			sourceTree = BUILT_PRODUCTS_DIR;
		};
/* End PBXReferenceProxy section */

/* Begin PBXResourcesBuildPhase section */
		8A2149A91B7DB3D8002BADDA /* Resources */ = {
			isa = PBXResourcesBuildPhase;
			buildActionMask = 2147483647;
			files = (
				8A2149B91B7DB3D8002BADDA /* Main.storyboard in Resources */,
				8A2149BE1B7DB3D8002BADDA /* LaunchScreen.xib in Resources */,
				8A2149BB1B7DB3D8002BADDA /* Images.xcassets in Resources */,
			);
			runOnlyForDeploymentPostprocessing = 0;
		};
		8A2149C11B7DB3D9002BADDA /* Resources */ = {
			isa = PBXResourcesBuildPhase;
			buildActionMask = 2147483647;
			files = (
			);
			runOnlyForDeploymentPostprocessing = 0;
		};
/* End PBXResourcesBuildPhase section */

/* Begin PBXSourcesBuildPhase section */
		8A2149A71B7DB3D8002BADDA /* Sources */ = {
			isa = PBXSourcesBuildPhase;
			buildActionMask = 2147483647;
			files = (
				8A1C3C481B94277500E4B53B /* FriendRecommenderViewController.swift in Sources */,
				8A2149DF1B7DE7A8002BADDA /* RankingModel.swift in Sources */,
				8A2149B61B7DB3D8002BADDA /* ViewController.swift in Sources */,
				8A57C2791B8595FB0003E1C8 /* PNChartLabel.swift in Sources */,
				8AE6A70F1B96DB9400561ADB /* MGSwipeButton.m in Sources */,
				8AE6A7231B96E79A00561ADB /* ServiceApi.swift in Sources */,
				8AC46A571B8334E10025D25A /* BleDevice.m in Sources */,
				8A1C3C561B9477E900E4B53B /* LoginViewController.swift in Sources */,
				8A57C27A1B8595FB0003E1C8 /* PNLineChart.swift in Sources */,
				8AC11CD91B957C7D003E8D78 /* MessageListViewController.swift in Sources */,
				8AE6A7101B96DB9400561ADB /* MGSwipeTableCell.m in Sources */,
				8A57C2801B85965B0003E1C8 /* PNValue.swift in Sources */,
				8A1C3C4C1B94388400E4B53B /* FriendModel.swift in Sources */,
				8AE6A73B1B9C11D500561ADB /* TestData.m in Sources */,
				8A2149B11B7DB3D8002BADDA /* AppDelegate.swift in Sources */,
				8AC11CE01B959C57003E8D78 /* SearchTableViewCell.swift in Sources */,
				8A57C2771B8595FB0003E1C8 /* PNBar.swift in Sources */,
				8AC11CDE1B959C38003E8D78 /* SearchViewController.swift in Sources */,
				8AD74DEB1B81B98C007DD04A /* ActivityViewController.swift in Sources */,
				8A1C3C4A1B94367300E4B53B /* FriendRecommenderCollectionCell.swift in Sources */,
				8A57C27B1B8595FB0003E1C8 /* PNLineChartData.swift in Sources */,
				8A57C2781B8595FB0003E1C8 /* PNBarChart.swift in Sources */,
				8AE6A7281B96EF7600561ADB /* SwiftyJSON.swift in Sources */,
				8AC11CE21B959C67003E8D78 /* SearchModel.swift in Sources */,
				8A2149B41B7DB3D8002BADDA /* FitnessBike.xcdatamodeld in Sources */,
				8A86941A1B8F422500C2350E /* CompetitionViewController.swift in Sources */,
				8AD74DED1B81B9E0007DD04A /* ActivityBriefTableViewCell.swift in Sources */,
				8A57C2851B8596FE0003E1C8 /* PersonViewController.swift in Sources */,
				8A1C3C521B946A7900E4B53B /* AccessViewController.swift in Sources */,
				8AC46A581B8334E10025D25A /* MyBleService.m in Sources */,
				8A2149D81B7DC037002BADDA /* CtrlViewController.swift in Sources */,
				8AD74DEF1B81BBBA007DD04A /* ActivityBriefModel.swift in Sources */,
				8AC11CE41B95B1D1003E8D78 /* RegisterViewController.swift in Sources */,
				8A2149DB1B7DCA2E002BADDA /* ImageUtil.swift in Sources */,
				8AE6A7251B96E7BE00561ADB /* Router.swift in Sources */,
				8A57C27F1B85965B0003E1C8 /* PNChartConfig.swift in Sources */,
				8AC11CD71B957B91003E8D78 /* MessageModel.swift in Sources */,
				8A2149DD1B7DDF4D002BADDA /* RankingViewController.swift in Sources */,
				8A57C2A21B86DAE00003E1C8 /* RankingTableViewCell.swift in Sources */,
				8AC11CDB1B9585AC003E8D78 /* MessageTableViewCell.swift in Sources */,
				8A1C3C4F1B944E3500E4B53B /* FriendHeaderButton.swift in Sources */,
				8A57C2831B8596C10003E1C8 /* PNChartDelegate.swift in Sources */,
			);
			runOnlyForDeploymentPostprocessing = 0;
		};
		8A2149BF1B7DB3D9002BADDA /* Sources */ = {
			isa = PBXSourcesBuildPhase;
			buildActionMask = 2147483647;
			files = (
				8A2149CA1B7DB3D9002BADDA /* FitnessBikeTests.swift in Sources */,
			);
			runOnlyForDeploymentPostprocessing = 0;
		};
/* End PBXSourcesBuildPhase section */

/* Begin PBXTargetDependency section */
		8A2149C51B7DB3D9002BADDA /* PBXTargetDependency */ = {
			isa = PBXTargetDependency;
			target = 8A2149AA1B7DB3D8002BADDA /* FitnessBike */;
			targetProxy = 8A2149C41B7DB3D9002BADDA /* PBXContainerItemProxy */;
		};
		8A993AD21B9D3F6D003737C6 /* PBXTargetDependency */ = {
			isa = PBXTargetDependency;
			name = "Alamofire iOS";
			targetProxy = 8A993AD11B9D3F6D003737C6 /* PBXContainerItemProxy */;
		};
/* End PBXTargetDependency section */

/* Begin PBXVariantGroup section */
		8A2149B71B7DB3D8002BADDA /* Main.storyboard */ = {
			isa = PBXVariantGroup;
			children = (
				8A2149B81B7DB3D8002BADDA /* Base */,
			);
			name = Main.storyboard;
			sourceTree = "<group>";
		};
		8A2149BC1B7DB3D8002BADDA /* LaunchScreen.xib */ = {
			isa = PBXVariantGroup;
			children = (
				8A2149BD1B7DB3D8002BADDA /* Base */,
			);
			name = LaunchScreen.xib;
			sourceTree = "<group>";
		};
/* End PBXVariantGroup section */

/* Begin XCBuildConfiguration section */
		8A2149CB1B7DB3D9002BADDA /* Debug */ = {
			isa = XCBuildConfiguration;
			buildSettings = {
				ALWAYS_SEARCH_USER_PATHS = NO;
				CLANG_CXX_LANGUAGE_STANDARD = "gnu++0x";
				CLANG_CXX_LIBRARY = "libc++";
				CLANG_ENABLE_MODULES = YES;
				CLANG_ENABLE_OBJC_ARC = YES;
				CLANG_WARN_BOOL_CONVERSION = YES;
				CLANG_WARN_CONSTANT_CONVERSION = YES;
				CLANG_WARN_DIRECT_OBJC_ISA_USAGE = YES_ERROR;
				CLANG_WARN_EMPTY_BODY = YES;
				CLANG_WARN_ENUM_CONVERSION = YES;
				CLANG_WARN_INT_CONVERSION = YES;
				CLANG_WARN_OBJC_ROOT_CLASS = YES_ERROR;
				CLANG_WARN_UNREACHABLE_CODE = YES;
				CLANG_WARN__DUPLICATE_METHOD_MATCH = YES;
				CODE_SIGN_IDENTITY = "iPhone Developer: qi lin (N57A2UML24)";
				"CODE_SIGN_IDENTITY[sdk=iphoneos*]" = "iPhone Developer: qi lin (N57A2UML24)";
				COPY_PHASE_STRIP = NO;
				DEBUG_INFORMATION_FORMAT = "dwarf-with-dsym";
				ENABLE_STRICT_OBJC_MSGSEND = YES;
				GCC_C_LANGUAGE_STANDARD = gnu99;
				GCC_DYNAMIC_NO_PIC = NO;
				GCC_NO_COMMON_BLOCKS = YES;
				GCC_OPTIMIZATION_LEVEL = 0;
				GCC_PREPROCESSOR_DEFINITIONS = (
					"DEBUG=1",
					"$(inherited)",
				);
				GCC_SYMBOLS_PRIVATE_EXTERN = NO;
				GCC_WARN_64_TO_32_BIT_CONVERSION = YES;
				GCC_WARN_ABOUT_RETURN_TYPE = YES_ERROR;
				GCC_WARN_UNDECLARED_SELECTOR = YES;
				GCC_WARN_UNINITIALIZED_AUTOS = YES_AGGRESSIVE;
				GCC_WARN_UNUSED_FUNCTION = YES;
				GCC_WARN_UNUSED_VARIABLE = YES;
				IPHONEOS_DEPLOYMENT_TARGET = 8.4;
				MTL_ENABLE_DEBUG_INFO = YES;
				ONLY_ACTIVE_ARCH = YES;
				PROVISIONING_PROFILE = "8a20eb83-df20-425c-b99e-eeaebfcf15b7";
				SDKROOT = iphoneos;
				SWIFT_OBJC_BRIDGING_HEADER = "FitnessBike/SwiftWithOC-Bridging-Header.h";
				SWIFT_OPTIMIZATION_LEVEL = "-Onone";
			};
			name = Debug;
		};
		8A2149CC1B7DB3D9002BADDA /* Release */ = {
			isa = XCBuildConfiguration;
			buildSettings = {
				ALWAYS_SEARCH_USER_PATHS = NO;
				CLANG_CXX_LANGUAGE_STANDARD = "gnu++0x";
				CLANG_CXX_LIBRARY = "libc++";
				CLANG_ENABLE_MODULES = YES;
				CLANG_ENABLE_OBJC_ARC = YES;
				CLANG_WARN_BOOL_CONVERSION = YES;
				CLANG_WARN_CONSTANT_CONVERSION = YES;
				CLANG_WARN_DIRECT_OBJC_ISA_USAGE = YES_ERROR;
				CLANG_WARN_EMPTY_BODY = YES;
				CLANG_WARN_ENUM_CONVERSION = YES;
				CLANG_WARN_INT_CONVERSION = YES;
				CLANG_WARN_OBJC_ROOT_CLASS = YES_ERROR;
				CLANG_WARN_UNREACHABLE_CODE = YES;
				CLANG_WARN__DUPLICATE_METHOD_MATCH = YES;
				CODE_SIGN_IDENTITY = "iPhone Developer: qi lin (N57A2UML24)";
				"CODE_SIGN_IDENTITY[sdk=iphoneos*]" = "iPhone Developer: qi lin (N57A2UML24)";
				COPY_PHASE_STRIP = NO;
				DEBUG_INFORMATION_FORMAT = "dwarf-with-dsym";
				ENABLE_NS_ASSERTIONS = NO;
				ENABLE_STRICT_OBJC_MSGSEND = YES;
				GCC_C_LANGUAGE_STANDARD = gnu99;
				GCC_NO_COMMON_BLOCKS = YES;
				GCC_WARN_64_TO_32_BIT_CONVERSION = YES;
				GCC_WARN_ABOUT_RETURN_TYPE = YES_ERROR;
				GCC_WARN_UNDECLARED_SELECTOR = YES;
				GCC_WARN_UNINITIALIZED_AUTOS = YES_AGGRESSIVE;
				GCC_WARN_UNUSED_FUNCTION = YES;
				GCC_WARN_UNUSED_VARIABLE = YES;
				IPHONEOS_DEPLOYMENT_TARGET = 8.4;
				MTL_ENABLE_DEBUG_INFO = NO;
				PROVISIONING_PROFILE = "8a20eb83-df20-425c-b99e-eeaebfcf15b7";
				SDKROOT = iphoneos;
				SWIFT_OBJC_BRIDGING_HEADER = "FitnessBike/SwiftWithOC-Bridging-Header.h";
				VALIDATE_PRODUCT = YES;
			};
			name = Release;
		};
		8A2149CE1B7DB3D9002BADDA /* Debug */ = {
			isa = XCBuildConfiguration;
			buildSettings = {
				ASSETCATALOG_COMPILER_APPICON_NAME = AppIcon;
				CODE_SIGN_IDENTITY = "iPhone Developer";
				"CODE_SIGN_IDENTITY[sdk=*]" = "iPhone Developer: qi lin (N57A2UML24)";
				"CODE_SIGN_IDENTITY[sdk=iphoneos*]" = "iPhone Developer";
				FRAMEWORK_SEARCH_PATHS = (
					"$(inherited)",
					"$(PROJECT_DIR)",
					"/Users/zhongqihong/Desktop/Build/Products/Release-iphonesimulator",
				);
				INFOPLIST_FILE = FitnessBike/Info.plist;
				LD_RUNPATH_SEARCH_PATHS = "$(inherited) @executable_path/Frameworks";
				PRODUCT_NAME = "$(TARGET_NAME)";
				PROVISIONING_PROFILE = "8a20eb83-df20-425c-b99e-eeaebfcf15b7";
			};
			name = Debug;
		};
		8A2149CF1B7DB3D9002BADDA /* Release */ = {
			isa = XCBuildConfiguration;
			buildSettings = {
				ASSETCATALOG_COMPILER_APPICON_NAME = AppIcon;
				CODE_SIGN_IDENTITY = "iPhone Developer";
				"CODE_SIGN_IDENTITY[sdk=iphoneos*]" = "iPhone Developer";
				FRAMEWORK_SEARCH_PATHS = (
					"$(inherited)",
					"$(PROJECT_DIR)",
					"/Users/zhongqihong/Desktop/Build/Products/Release-iphonesimulator",
				);
				INFOPLIST_FILE = FitnessBike/Info.plist;
				LD_RUNPATH_SEARCH_PATHS = "$(inherited) @executable_path/Frameworks";
				PRODUCT_NAME = "$(TARGET_NAME)";
				PROVISIONING_PROFILE = "8a20eb83-df20-425c-b99e-eeaebfcf15b7";
			};
			name = Release;
		};
		8A2149D11B7DB3D9002BADDA /* Debug */ = {
			isa = XCBuildConfiguration;
			buildSettings = {
				BUNDLE_LOADER = "$(TEST_HOST)";
				CODE_SIGN_IDENTITY = "iPhone Developer";
				"CODE_SIGN_IDENTITY[sdk=iphoneos*]" = "iPhone Developer";
				FRAMEWORK_SEARCH_PATHS = (
					"$(SDKROOT)/Developer/Library/Frameworks",
					"$(inherited)",
				);
				GCC_PREPROCESSOR_DEFINITIONS = (
					"DEBUG=1",
					"$(inherited)",
				);
				INFOPLIST_FILE = FitnessBikeTests/Info.plist;
				LD_RUNPATH_SEARCH_PATHS = "$(inherited) @executable_path/Frameworks @loader_path/Frameworks";
				PRODUCT_NAME = "$(TARGET_NAME)";
				PROVISIONING_PROFILE = "";
				TEST_HOST = "$(BUILT_PRODUCTS_DIR)/FitnessBike.app/FitnessBike";
			};
			name = Debug;
		};
		8A2149D21B7DB3D9002BADDA /* Release */ = {
			isa = XCBuildConfiguration;
			buildSettings = {
				BUNDLE_LOADER = "$(TEST_HOST)";
				CODE_SIGN_IDENTITY = "iPhone Developer";
				"CODE_SIGN_IDENTITY[sdk=iphoneos*]" = "iPhone Developer";
				FRAMEWORK_SEARCH_PATHS = (
					"$(SDKROOT)/Developer/Library/Frameworks",
					"$(inherited)",
				);
				INFOPLIST_FILE = FitnessBikeTests/Info.plist;
				LD_RUNPATH_SEARCH_PATHS = "$(inherited) @executable_path/Frameworks @loader_path/Frameworks";
				PRODUCT_NAME = "$(TARGET_NAME)";
				PROVISIONING_PROFILE = "";
				TEST_HOST = "$(BUILT_PRODUCTS_DIR)/FitnessBike.app/FitnessBike";
			};
			name = Release;
		};
/* End XCBuildConfiguration section */

/* Begin XCConfigurationList section */
		8A2149A61B7DB3D8002BADDA /* Build configuration list for PBXProject "FitnessBike" */ = {
			isa = XCConfigurationList;
			buildConfigurations = (
				8A2149CB1B7DB3D9002BADDA /* Debug */,
				8A2149CC1B7DB3D9002BADDA /* Release */,
			);
			defaultConfigurationIsVisible = 0;
			defaultConfigurationName = Release;
		};
		8A2149CD1B7DB3D9002BADDA /* Build configuration list for PBXNativeTarget "FitnessBike" */ = {
			isa = XCConfigurationList;
			buildConfigurations = (
				8A2149CE1B7DB3D9002BADDA /* Debug */,
				8A2149CF1B7DB3D9002BADDA /* Release */,
			);
			defaultConfigurationIsVisible = 0;
			defaultConfigurationName = Release;
		};
		8A2149D01B7DB3D9002BADDA /* Build configuration list for PBXNativeTarget "FitnessBikeTests" */ = {
			isa = XCConfigurationList;
			buildConfigurations = (
				8A2149D11B7DB3D9002BADDA /* Debug */,
				8A2149D21B7DB3D9002BADDA /* Release */,
			);
			defaultConfigurationIsVisible = 0;
			defaultConfigurationName = Release;
		};
/* End XCConfigurationList section */

/* Begin XCVersionGroup section */
		8A2149B21B7DB3D8002BADDA /* FitnessBike.xcdatamodeld */ = {
			isa = XCVersionGroup;
			children = (
				8A2149B31B7DB3D8002BADDA /* FitnessBike.xcdatamodel */,
			);
			currentVersion = 8A2149B31B7DB3D8002BADDA /* FitnessBike.xcdatamodel */;
			path = FitnessBike.xcdatamodeld;
			sourceTree = "<group>";
			versionGroupType = wrapper.xcdatamodel;
		};
/* End XCVersionGroup section */
	};
	rootObject = 8A2149A31B7DB3D8002BADDA /* Project object */;
}
